
Microsoft Visual Studio Solution File, Format Version 12.00
# Visual Studio Version 17
VisualStudioVersion = 17.10.35201.131
MinimumVisualStudioVersion = 10.0.40219.1
Project("{9A19103F-16F7-4668-BE54-9A1E7A4F7556}") = "WebBuilding_50080", "WebBuilding_50080\WebBuilding_50080.csproj", "{3B3B2E4E-252C-4CD3-BB67-F895F477F6E7}"
EndProject
Global
	GlobalSection(SolutionConfigurationPlatforms) = preSolution
		Debug|Any CPU = Debug|Any CPU
		Release|Any CPU = Release|Any CPU
	EndGlobalSection
	GlobalSection(ProjectConfigurationPlatforms) = postSolution
		{3B3B2E4E-252C-4CD3-BB67-F895F477F6E7}.Debug|Any CPU.ActiveCfg = Debug|Any CPU
		{3B3B2E4E-252C-4CD3-BB67-F895F477F6E7}.Debug|Any CPU.Build.0 = Debug|Any CPU
		{3B3B2E4E-252C-4CD3-BB67-F895F477F6E7}.Release|Any CPU.ActiveCfg = Release|Any CPU
		{3B3B2E4E-252C-4CD3-BB67-F895F477F6E7}.Release|Any CPU.Build.0 = Release|Any CPU
	EndGlobalSection
	GlobalSection(SolutionProperties) = preSolution
		HideSolutionNode = FALSE
	EndGlobalSection
	GlobalSection(ExtensibilityGlobals) = postSolution
		SolutionGuid = {CAC0C23D-4697-469B-BCC9-219EFCCAA92A}
	EndGlobalSection
EndGlobal
